{
  "name": "@lexical/monorepo",
  "version": "0.0.0",
  "lockfileVersion": 3,
  "requires": true,
  "packages": {
    "": {
      "name": "@lexical/monorepo",
      "version": "0.0.0",
      "license": "MIT",
      "workspaces": [
        "packages/*"
      ],
      "engines": {
        "npm": ">=8.2.3"
      }
    },
    "node_modules/lexical": {
      "resolved": "packages/lexical",
      "link": true
    },
    "packages/lexical": {
      "version": "1.0.0",
      "license": "ISC"
    }
  }
}
